
Microsoft Visual Studio Solution File, Format Version 12.00
# Visual Studio Version 17
VisualStudioVersion = 17.0.31919.166
MinimumVisualStudioVersion = 10.0.40219.1
Project("{FAE04EC0-301F-11D3-BF4B-00C04F79EFBC}") = "Preassessment", "Preassessment.csproj", "{2D000F6B-F4F6-44AE-BA9A-7DDF2E0DDDA2}"
EndProject
Global
	GlobalSection(SolutionConfigurationPlatforms) = preSolution
		Debug|Any CPU = Debug|Any CPU
		Release|Any CPU = Release|Any CPU
	EndGlobalSection
	GlobalSection(ProjectConfigurationPlatforms) = postSolution
		{2D000F6B-F4F6-44AE-BA9A-7DDF2E0DDDA2}.Debug|Any CPU.ActiveCfg = Debug|Any CPU
		{2D000F6B-F4F6-44AE-BA9A-7DDF2E0DDDA2}.Debug|Any CPU.Build.0 = Debug|Any CPU
		{2D000F6B-F4F6-44AE-BA9A-7DDF2E0DDDA2}.Release|Any CPU.ActiveCfg = Release|Any CPU
		{2D000F6B-F4F6-44AE-BA9A-7DDF2E0DDDA2}.Release|Any CPU.Build.0 = Release|Any CPU
	EndGlobalSection
	GlobalSection(SolutionProperties) = preSolution
		HideSolutionNode = FALSE
	EndGlobalSection
	GlobalSection(ExtensibilityGlobals) = postSolution
		SolutionGuid = {03FBF807-7F0E-4572-94DE-2EFE6785B345}
	EndGlobalSection
EndGlobal
