
Microsoft Visual Studio Solution File, Format Version 12.00
# Visual Studio Version 17
VisualStudioVersion = 17.0.31919.166
MinimumVisualStudioVersion = 10.0.40219.1
Project("{FAE04EC0-301F-11D3-BF4B-00C04F79EFBC}") = "powerOf2", "powerOf2.csproj", "{21BF0A3C-5CE1-4A0A-A7F4-A6FE7665D3F3}"
EndProject
Global
	GlobalSection(SolutionConfigurationPlatforms) = preSolution
		Debug|Any CPU = Debug|Any CPU
		Release|Any CPU = Release|Any CPU
	EndGlobalSection
	GlobalSection(ProjectConfigurationPlatforms) = postSolution
		{21BF0A3C-5CE1-4A0A-A7F4-A6FE7665D3F3}.Debug|Any CPU.ActiveCfg = Debug|Any CPU
		{21BF0A3C-5CE1-4A0A-A7F4-A6FE7665D3F3}.Debug|Any CPU.Build.0 = Debug|Any CPU
		{21BF0A3C-5CE1-4A0A-A7F4-A6FE7665D3F3}.Release|Any CPU.ActiveCfg = Release|Any CPU
		{21BF0A3C-5CE1-4A0A-A7F4-A6FE7665D3F3}.Release|Any CPU.Build.0 = Release|Any CPU
	EndGlobalSection
	GlobalSection(SolutionProperties) = preSolution
		HideSolutionNode = FALSE
	EndGlobalSection
	GlobalSection(ExtensibilityGlobals) = postSolution
		SolutionGuid = {BC5B1BA6-746B-481C-82A7-C281F4BE1F43}
	EndGlobalSection
EndGlobal
