
Microsoft Visual Studio Solution File, Format Version 12.00
# Visual Studio Version 17
VisualStudioVersion = 17.0.31919.166
MinimumVisualStudioVersion = 10.0.40219.1
Project("{FAE04EC0-301F-11D3-BF4B-00C04F79EFBC}") = "Array_Handon", "Array_Handon.csproj", "{FE51B9E7-5A2F-4970-9AD1-15742983449C}"
EndProject
Global
	GlobalSection(SolutionConfigurationPlatforms) = preSolution
		Debug|Any CPU = Debug|Any CPU
		Release|Any CPU = Release|Any CPU
	EndGlobalSection
	GlobalSection(ProjectConfigurationPlatforms) = postSolution
		{FE51B9E7-5A2F-4970-9AD1-15742983449C}.Debug|Any CPU.ActiveCfg = Debug|Any CPU
		{FE51B9E7-5A2F-4970-9AD1-15742983449C}.Debug|Any CPU.Build.0 = Debug|Any CPU
		{FE51B9E7-5A2F-4970-9AD1-15742983449C}.Release|Any CPU.ActiveCfg = Release|Any CPU
		{FE51B9E7-5A2F-4970-9AD1-15742983449C}.Release|Any CPU.Build.0 = Release|Any CPU
	EndGlobalSection
	GlobalSection(SolutionProperties) = preSolution
		HideSolutionNode = FALSE
	EndGlobalSection
	GlobalSection(ExtensibilityGlobals) = postSolution
		SolutionGuid = {A7F946F4-CB94-437A-A70C-9F476210A843}
	EndGlobalSection
EndGlobal
