
Microsoft Visual Studio Solution File, Format Version 12.00
# Visual Studio Version 17
VisualStudioVersion = 17.0.31919.166
MinimumVisualStudioVersion = 10.0.40219.1
Project("{FAE04EC0-301F-11D3-BF4B-00C04F79EFBC}") = "FileSyatem", "FileSyatem.csproj", "{8E2F6347-8F1C-4E7E-BAD1-7CC238A2342F}"
EndProject
Global
	GlobalSection(SolutionConfigurationPlatforms) = preSolution
		Debug|Any CPU = Debug|Any CPU
		Release|Any CPU = Release|Any CPU
	EndGlobalSection
	GlobalSection(ProjectConfigurationPlatforms) = postSolution
		{8E2F6347-8F1C-4E7E-BAD1-7CC238A2342F}.Debug|Any CPU.ActiveCfg = Debug|Any CPU
		{8E2F6347-8F1C-4E7E-BAD1-7CC238A2342F}.Debug|Any CPU.Build.0 = Debug|Any CPU
		{8E2F6347-8F1C-4E7E-BAD1-7CC238A2342F}.Release|Any CPU.ActiveCfg = Release|Any CPU
		{8E2F6347-8F1C-4E7E-BAD1-7CC238A2342F}.Release|Any CPU.Build.0 = Release|Any CPU
	EndGlobalSection
	GlobalSection(SolutionProperties) = preSolution
		HideSolutionNode = FALSE
	EndGlobalSection
	GlobalSection(ExtensibilityGlobals) = postSolution
		SolutionGuid = {BECDEFCA-01C7-47AF-8BA0-30BB3120CC1F}
	EndGlobalSection
EndGlobal
